# generated by rye
# use `rye lock` or `rye sync` to update this lockfile
#
# last locked with the following flags:
#   pre: false
#   features: []
#   all-features: false
#   with-sources: false
#   generate-hashes: false

-e file:.
aiohttp==3.9.5
    # via aiohttp-retry
    # via fsspec
aiohttp-retry==2.8.3
    # via dvc-http
    # via scmrepo
aiosignal==1.3.1
    # via aiohttp
amqp==5.2.0
    # via kombu
annotated-types==0.7.0
    # via pydantic
antlr4-python3-runtime==4.9.3
    # via hydra-core
    # via omegaconf
appdirs==1.4.4
    # via iterative-telemetry
asttokens==2.4.1
    # via stack-data
async-timeout==4.0.3
    # via aiohttp
asyncssh==2.15.0
    # via scmrepo
atpublic==4.1.0
    # via flufl-lock
attrs==23.2.0
    # via aiohttp
    # via dvc
    # via dvc-data
    # via sqltrie
billiard==4.2.0
    # via celery
cachetools==5.4.0
    # via cudf-cu12
celery==5.4.0
    # via dvc
    # via dvc-task
certifi==2024.7.4
    # via pyogrio
    # via pyproj
    # via requests
cffi==1.16.0
    # via cryptography
    # via pygit2
charset-normalizer==3.3.2
    # via requests
click==8.1.7
    # via celery
    # via click-didyoumean
    # via click-plugins
    # via click-repl
    # via dask
    # via dask-cuda
    # via distributed
    # via typer
click-didyoumean==0.3.1
    # via celery
click-plugins==1.1.1
    # via celery
click-repl==0.3.0
    # via celery
cloudpickle==3.0.0
    # via dask
    # via distributed
colorama==0.4.6
    # via dvc
configobj==5.0.8
    # via dvc
contourpy==1.2.1
    # via matplotlib
cryptography==43.0.0
    # via asyncssh
cuda-python==12.5.0
    # via cudf-cu12
    # via pylibraft-cu12
    # via rmm-cu12
cudf-cu12==24.6.1
    # via cugraph-cu12
    # via dask-cudf-cu12
    # via ukroutes
cugraph-cu12==24.6.1
    # via ukroutes
cupy-cuda12x==13.2.0
    # via cudf-cu12
    # via cugraph-cu12
    # via dask-cudf-cu12
cycler==0.12.1
    # via matplotlib
dask==2024.5.1
    # via dask-expr
    # via distributed
    # via rapids-dask-dependency
dask-cuda==24.6.0
    # via cugraph-cu12
    # via raft-dask-cu12
dask-cudf-cu12==24.6.1
    # via cugraph-cu12
dask-expr==1.1.1
    # via rapids-dask-dependency
decorator==5.1.1
    # via ipdb
    # via ipython
dictdiffer==0.9.0
    # via dvc-data
diskcache==5.6.3
    # via dvc-data
distributed==2024.5.1
    # via rapids-dask-dependency
distributed-ucxx-cu12==0.38.0
    # via raft-dask-cu12
distro==1.9.0
    # via dvc
    # via iterative-telemetry
dpath==2.2.0
    # via dvc
dulwich==0.22.1
    # via dvc
    # via dvc-studio-client
    # via scmrepo
dvc==3.51.3
    # via ahah
dvc-data==3.15.1
    # via dvc
dvc-http==2.32.0
    # via dvc
dvc-objects==5.1.0
    # via dvc
    # via dvc-data
dvc-render==1.0.2
    # via dvc
dvc-studio-client==0.21.0
    # via dvc
dvc-task==0.4.0
    # via dvc
entrypoints==0.4
    # via gto
exceptiongroup==1.2.2
    # via ipython
executing==2.0.1
    # via stack-data
fastexcel==0.10.4
    # via ahah
fastrlock==0.8.2
    # via cupy-cuda12x
filelock==3.15.4
    # via iterative-telemetry
flatten-dict==0.4.2
    # via dvc
flufl-lock==8.1.0
    # via dvc
fonttools==4.53.1
    # via matplotlib
frozenlist==1.4.1
    # via aiohttp
    # via aiosignal
fsspec==2024.6.1
    # via cudf-cu12
    # via cugraph-cu12
    # via dask
    # via dask-cudf-cu12
    # via dvc
    # via dvc-data
    # via dvc-http
    # via dvc-objects
    # via scmrepo
funcy==2.0
    # via dvc
    # via dvc-data
    # via dvc-objects
    # via dvc-task
    # via gto
    # via scmrepo
geojson==3.1.0
    # via ahah
geopandas==1.0.1
    # via h3pandas
    # via ukroutes
gitdb==4.0.11
    # via gitpython
gitpython==3.1.43
    # via scmrepo
grandalf==0.8
    # via dvc
gto==1.7.1
    # via dvc
h3==3.7.7
    # via h3pandas
h3pandas==0.2.6
    # via ahah
hydra-core==1.3.2
    # via dvc
idna==3.7
    # via requests
    # via yarl
importlib-metadata==8.0.0
    # via dask
ipdb==0.13.13
ipython==8.26.0
    # via ipdb
iterative-telemetry==0.0.8
    # via dvc
jedi==0.19.1
    # via ipython
jinja2==3.1.4
    # via distributed
joblib==1.4.2
    # via raft-dask-cu12
kiwisolver==1.4.5
    # via matplotlib
kombu==5.3.7
    # via celery
    # via dvc
    # via dvc-task
libucx-cu12==1.15.0.post1
    # via ucx-py-cu12
    # via ucxx-cu12
llvmlite==0.43.0
    # via numba
locket==1.0.0
    # via distributed
    # via partd
markdown-it-py==3.0.0
    # via rich
markupsafe==2.1.5
    # via jinja2
matplotlib==3.9.1
    # via ahah
matplotlib-inline==0.1.7
    # via ipython
mdurl==0.1.2
    # via markdown-it-py
msgpack==1.0.8
    # via distributed
multidict==6.0.5
    # via aiohttp
    # via yarl
networkx==3.3
    # via dvc
numba==0.60.0
    # via cudf-cu12
    # via cugraph-cu12
    # via dask-cuda
    # via distributed-ucxx-cu12
    # via raft-dask-cu12
    # via rmm-cu12
numpy==1.26.4
    # via contourpy
    # via cudf-cu12
    # via cugraph-cu12
    # via cupy-cuda12x
    # via dask-cuda
    # via dask-cudf-cu12
    # via geopandas
    # via h3pandas
    # via matplotlib
    # via numba
    # via pandas
    # via pyarrow
    # via pylibraft-cu12
    # via pyogrio
    # via raft-dask-cu12
    # via rmm-cu12
    # via scipy
    # via shapely
    # via ucx-py-cu12
    # via ucxx-cu12
nvtx==0.2.10
    # via cudf-cu12
omegaconf==2.3.0
    # via dvc
    # via hydra-core
orjson==3.10.6
    # via sqltrie
osmium==3.7.0
    # via ahah
packaging==24.1
    # via cudf-cu12
    # via dask
    # via distributed
    # via dvc
    # via geopandas
    # via hydra-core
    # via matplotlib
    # via pyogrio
pandas==2.2.2
    # via cudf-cu12
    # via dask-cuda
    # via dask-cudf-cu12
    # via dask-expr
    # via geopandas
    # via h3pandas
parso==0.8.4
    # via jedi
partd==1.4.2
    # via dask
pathspec==0.12.1
    # via dvc
    # via scmrepo
pexpect==4.9.0
    # via ipython
pillow==10.4.0
    # via matplotlib
platformdirs==3.11.0
    # via dvc
polars==1.2.0
    # via ukroutes
prompt-toolkit==3.0.47
    # via click-repl
    # via ipython
psutil==6.0.0
    # via distributed
    # via dvc
    # via flufl-lock
ptyprocess==0.7.0
    # via pexpect
pure-eval==0.2.2
    # via stack-data
pyarrow==16.1.0
    # via cudf-cu12
    # via dask-expr
    # via fastexcel
pycparser==2.22
    # via cffi
pydantic==2.8.2
    # via gto
pydantic-core==2.20.1
    # via pydantic
pydot==3.0.1
    # via dvc
pygit2==1.15.1
    # via scmrepo
pygments==2.18.0
    # via ipython
    # via rich
pygtrie==2.5.0
    # via dvc
    # via dvc-data
    # via scmrepo
    # via sqltrie
pylibcugraph-cu12==24.6.1
    # via cugraph-cu12
pylibraft-cu12==24.6.0
    # via pylibcugraph-cu12
    # via raft-dask-cu12
pynvjitlink-cu12==0.2.3
    # via cudf-cu12
pynvml==11.4.1
    # via dask-cuda
    # via ucx-py-cu12
    # via ucxx-cu12
pyogrio==0.9.0
    # via geopandas
    # via ukroutes
pyparsing==3.1.2
    # via dvc
    # via grandalf
    # via matplotlib
    # via pydot
pyproj==3.6.1
    # via geopandas
pyqt6==6.7.0
    # via ahah
pyqt6-qt6==6.7.2
    # via pyqt6
pyqt6-sip==13.8.0
    # via pyqt6
python-dateutil==2.9.0.post0
    # via celery
    # via matplotlib
    # via pandas
pytz==2024.1
    # via pandas
pyyaml==6.0.1
    # via dask
    # via distributed
    # via omegaconf
raft-dask-cu12==24.6.0
    # via cugraph-cu12
rapids-dask-dependency==24.6.0
    # via cugraph-cu12
    # via dask-cuda
    # via dask-cudf-cu12
    # via distributed-ucxx-cu12
    # via raft-dask-cu12
requests==2.32.3
    # via ahah
    # via dvc
    # via dvc-studio-client
    # via iterative-telemetry
    # via osmium
rich==13.7.1
    # via ahah
    # via cudf-cu12
    # via dvc
    # via gto
    # via typer
rmm-cu12==24.6.0
    # via cudf-cu12
    # via cugraph-cu12
    # via pylibcugraph-cu12
    # via pylibraft-cu12
    # via ucxx-cu12
ruamel-yaml==0.18.6
    # via dvc
    # via gto
ruamel-yaml-clib==0.2.8
    # via ruamel-yaml
scipy==1.14.0
    # via ukroutes
scmrepo==3.3.6
    # via dvc
    # via gto
semver==3.0.2
    # via gto
setuptools==71.1.0
    # via zc-lockfile
shapely==2.0.5
    # via geopandas
    # via h3pandas
shellingham==1.5.4
    # via typer
shortuuid==1.0.13
    # via dvc
    # via dvc-task
shtab==1.7.1
    # via dvc
six==1.16.0
    # via asttokens
    # via configobj
    # via flatten-dict
    # via python-dateutil
smmap==5.0.1
    # via gitdb
sortedcontainers==2.4.0
    # via distributed
sourcery-cli==1.18.0
sqltrie==0.11.0
    # via dvc-data
stack-data==0.6.3
    # via ipython
tabulate==0.9.0
    # via dvc
    # via gto
tblib==3.0.0
    # via distributed
tomli==2.0.1
    # via ipdb
tomlkit==0.13.0
    # via dvc
toolz==0.12.1
    # via dask
    # via distributed
    # via partd
tornado==6.4.1
    # via distributed
tqdm==4.66.4
    # via dvc
    # via dvc-data
    # via fsspec
    # via scmrepo
    # via ukroutes
traitlets==5.14.3
    # via ipython
    # via matplotlib-inline
typer==0.12.3
    # via gto
typing-extensions==4.12.2
    # via asyncssh
    # via cudf-cu12
    # via h3pandas
    # via ipython
    # via pydantic
    # via pydantic-core
    # via typer
tzdata==2024.1
    # via celery
    # via pandas
ucx-py-cu12==0.38.0
    # via cugraph-cu12
    # via raft-dask-cu12
ucxx-cu12==0.38.0
    # via distributed-ucxx-cu12
ukroutes @ git+https://github.com/cjber/ukroutes@866b57d01779af83843dc5b1c2dcdf61cdd8f82a
    # via ahah
urllib3==2.2.2
    # via distributed
    # via dulwich
    # via requests
vine==5.1.0
    # via amqp
    # via celery
    # via kombu
voluptuous==0.15.2
    # via dvc
    # via dvc-studio-client
wcwidth==0.2.13
    # via prompt-toolkit
yarl==1.9.4
    # via aiohttp
zc-lockfile==3.0.post1
    # via dvc
zict==3.0.0
    # via dask-cuda
    # via distributed
zipp==3.19.2
    # via importlib-metadata
