# generated by rye
# use `rye lock` or `rye sync` to update this lockfile
#
# last locked with the following flags:
#   pre: false
#   features: []
#   all-features: false
#   with-sources: false
#   generate-hashes: false
#   universal: false

-e file:.
certifi==2024.7.4
    # via pyogrio
    # via pyproj
geopandas==1.0.1
    # via ahah
networkx==3.3
    # via ukroutes
numpy==2.0.1
    # via geopandas
    # via pandas
    # via pyarrow
    # via pyogrio
    # via scipy
    # via shapely
packaging==24.1
    # via geopandas
    # via pyogrio
pandas==2.2.2
    # via geopandas
    # via ukroutes
pyarrow==17.0.0
    # via ukroutes
pyogrio==0.9.0
    # via geopandas
pyproj==3.6.1
    # via geopandas
python-dateutil==2.9.0.post0
    # via pandas
pytz==2024.1
    # via pandas
scipy==1.14.0
    # via ukroutes
shapely==2.0.5
    # via geopandas
six==1.16.0
    # via python-dateutil
tqdm==4.66.5
    # via ukroutes
tzdata==2024.1
    # via pandas
ukroutes @ git+https://github.com/cjber/ukroutes@5affc2b33adab9ea8bd28983b43e623da346fbb7
    # via ahah
